{
  "name": "steg",
  "version": "1.1.0",
  "lockfileVersion": 1,
  "requires": true,
  "dependencies": {
    "node-webpmux": {
      "version": "1.0.0",
      "resolved": "https://registry.npmjs.org/node-webpmux/-/node-webpmux-1.0.0.tgz",
      "integrity": "sha512-jsFUZUcEPHCWgn84V/ba4BZikR3tp6SjrBEoo9Cv1Nt02VwyNML/H6WyoBR499MQGta7jizUc+5W5Lj5N7sIxA=="
    },
    "pngjs": {
      "version": "5.0.0",
      "resolved": "https://registry.npmjs.org/pngjs/-/pngjs-5.0.0.tgz",
      "integrity": "sha512-40QW5YalBNfQo5yRYmiw7Yz6TKKVr3h6970B2YE+3fQpsWcrbj1PzJgxeJ19DRQjhMbKPIuMY8rFaXc8moolVw=="
    },
    "seedrandom": {
      "version": "3.0.5",
      "resolved": "https://registry.npmjs.org/seedrandom/-/seedrandom-3.0.5.tgz",
      "integrity": "sha512-8OwmbklUNzwezjGInmZ+2clQmExQPvomqjL7LFqOYqtmuxRgQYqOD3mHaU+MvZn5FLUeVxVfQjwLZW/n/JFuqg=="
    },
    "webp-converter": {
      "version": "2.3.0",
      "resolved": "https://registry.npmjs.org/webp-converter/-/webp-converter-2.3.0.tgz",
      "integrity": "sha512-FJJm9wYEV2sBhcqdQGgOowaCPdyf1yBAbgJVhI5m62f1lEyiAPgYxLHXmKQs/68DhL7dOyo59sr/LdW1UUBNBg=="
    }
  }
}
